// !$*UTF8*$!
{
	archiveVersion = 1;
	classes = {
	};
	objectVersion = 46;
	objects = {

/* Begin PBXBuildFile section */
		F8B025891E04CBC6009550B0 /* AppDelegate.swift in Sources */ = {isa = PBXBuildFile; fileRef = F8B025881E04CBC6009550B0 /* AppDelegate.swift */; };
		F8B0258B1E04CBC6009550B0 /* ViewController.swift in Sources */ = {isa = PBXBuildFile; fileRef = F8B0258A1E04CBC6009550B0 /* ViewController.swift */; };
		F8B0258E1E04CBC6009550B0 /* Main.storyboard in Resources */ = {isa = PBXBuildFile; fileRef = F8B0258C1E04CBC6009550B0 /* Main.storyboard */; };
		F8B025901E04CBC6009550B0 /* Assets.xcassets in Resources */ = {isa = PBXBuildFile; fileRef = F8B0258F1E04CBC6009550B0 /* Assets.xcassets */; };
		F8B025931E04CBC6009550B0 /* LaunchScreen.storyboard in Resources */ = {isa = PBXBuildFile; fileRef = F8B025911E04CBC6009550B0 /* LaunchScreen.storyboard */; };
		F8B0259E1E04CBC6009550B0 /* PopTests.swift in Sources */ = {isa = PBXBuildFile; fileRef = F8B0259D1E04CBC6009550B0 /* PopTests.swift */; };
		F8B025A91E04CBC6009550B0 /* PopUITests.swift in Sources */ = {isa = PBXBuildFile; fileRef = F8B025A81E04CBC6009550B0 /* PopUITests.swift */; };
/* End PBXBuildFile section */

/* Begin PBXContainerItemProxy section */
		F8B0259A1E04CBC6009550B0 /* PBXContainerItemProxy */ = {
			isa = PBXContainerItemProxy;
			containerPortal = F8B0257D1E04CBC5009550B0 /* Project object */;
			proxyType = 1;
			remoteGlobalIDString = F8B025841E04CBC6009550B0;
			remoteInfo = Pop;
		};
		F8B025A51E04CBC6009550B0 /* PBXContainerItemProxy */ = {
			isa = PBXContainerItemProxy;
			containerPortal = F8B0257D1E04CBC5009550B0 /* Project object */;
			proxyType = 1;
			remoteGlobalIDString = F8B025841E04CBC6009550B0;
			remoteInfo = Pop;
		};
/* End PBXContainerItemProxy section */

/* Begin PBXFileReference section */
		F8B025851E04CBC6009550B0 /* Pop.app */ = {isa = PBXFileReference; explicitFileType = wrapper.application; includeInIndex = 0; path = Pop.app; sourceTree = BUILT_PRODUCTS_DIR; };
		F8B025881E04CBC6009550B0 /* AppDelegate.swift */ = {isa = PBXFileReference; lastKnownFileType = sourcecode.swift; path = AppDelegate.swift; sourceTree = "<group>"; };
		F8B0258A1E04CBC6009550B0 /* ViewController.swift */ = {isa = PBXFileReference; lastKnownFileType = sourcecode.swift; path = ViewController.swift; sourceTree = "<group>"; };
		F8B0258D1E04CBC6009550B0 /* Base */ = {isa = PBXFileReference; lastKnownFileType = file.storyboard; name = Base; path = Base.lproj/Main.storyboard; sourceTree = "<group>"; };
		F8B0258F1E04CBC6009550B0 /* Assets.xcassets */ = {isa = PBXFileReference; lastKnownFileType = folder.assetcatalog; path = Assets.xcassets; sourceTree = "<group>"; };
		F8B025921E04CBC6009550B0 /* Base */ = {isa = PBXFileReference; lastKnownFileType = file.storyboard; name = Base; path = Base.lproj/LaunchScreen.storyboard; sourceTree = "<group>"; };
		F8B025941E04CBC6009550B0 /* Info.plist */ = {isa = PBXFileReference; lastKnownFileType = text.plist.xml; path = Info.plist; sourceTree = "<group>"; };
		F8B025991E04CBC6009550B0 /* PopTests.xctest */ = {isa = PBXFileReference; explicitFileType = wrapper.cfbundle; includeInIndex = 0; path = PopTests.xctest; sourceTree = BUILT_PRODUCTS_DIR; };
		F8B0259D1E04CBC6009550B0 /* PopTests.swift */ = {isa = PBXFileReference; lastKnownFileType = sourcecode.swift; path = PopTests.swift; sourceTree = "<group>"; };
		F8B0259F1E04CBC6009550B0 /* Info.plist */ = {isa = PBXFileReference; lastKnownFileType = text.plist.xml; path = Info.plist; sourceTree = "<group>"; };
		F8B025A41E04CBC6009550B0 /* PopUITests.xctest */ = {isa = PBXFileReference; explicitFileType = wrapper.cfbundle; includeInIndex = 0; path = PopUITests.xctest; sourceTree = BUILT_PRODUCTS_DIR; };
		F8B025A81E04CBC6009550B0 /* PopUITests.swift */ = {isa = PBXFileReference; lastKnownFileType = sourcecode.swift; path = PopUITests.swift; sourceTree = "<group>"; };
		F8B025AA1E04CBC6009550B0 /* Info.plist */ = {isa = PBXFileReference; lastKnownFileType = text.plist.xml; path = Info.plist; sourceTree = "<group>"; };
/* End PBXFileReference section */

/* Begin PBXFrameworksBuildPhase section */
		F8B025821E04CBC6009550B0 /* Frameworks */ = {
			isa = PBXFrameworksBuildPhase;
			buildActionMask = 2147483647;
			files = (
			);
			runOnlyForDeploymentPostprocessing = 0;
		};
		F8B025961E04CBC6009550B0 /* Frameworks */ = {
			isa = PBXFrameworksBuildPhase;
			buildActionMask = 2147483647;
			files = (
			);
			runOnlyForDeploymentPostprocessing = 0;
		};
		F8B025A11E04CBC6009550B0 /* Frameworks */ = {
			isa = PBXFrameworksBuildPhase;
			buildActionMask = 2147483647;
			files = (
			);
			runOnlyForDeploymentPostprocessing = 0;
		};
/* End PBXFrameworksBuildPhase section */

/* Begin PBXGroup section */
		F8B0257C1E04CBC5009550B0 = {
			isa = PBXGroup;
			children = (
				F8B025871E04CBC6009550B0 /* Pop */,
				F8B0259C1E04CBC6009550B0 /* PopTests */,
				F8B025A71E04CBC6009550B0 /* PopUITests */,
				F8B025861E04CBC6009550B0 /* Products */,
			);
			sourceTree = "<group>";
		};
		F8B025861E04CBC6009550B0 /* Products */ = {
			isa = PBXGroup;
			children = (
				F8B025851E04CBC6009550B0 /* Pop.app */,
				F8B025991E04CBC6009550B0 /* PopTests.xctest */,
				F8B025A41E04CBC6009550B0 /* PopUITests.xctest */,
			);
			name = Products;
			sourceTree = "<group>";
		};
		F8B025871E04CBC6009550B0 /* Pop */ = {
			isa = PBXGroup;
			children = (
				F8B025881E04CBC6009550B0 /* AppDelegate.swift */,
				F8B0258A1E04CBC6009550B0 /* ViewController.swift */,
				F8B0258C1E04CBC6009550B0 /* Main.storyboard */,
				F8B0258F1E04CBC6009550B0 /* Assets.xcassets */,
				F8B025911E04CBC6009550B0 /* LaunchScreen.storyboard */,
				F8B025941E04CBC6009550B0 /* Info.plist */,
			);
			path = Pop;
			sourceTree = "<group>";
		};
		F8B0259C1E04CBC6009550B0 /* PopTests */ = {
			isa = PBXGroup;
			children = (
				F8B0259D1E04CBC6009550B0 /* PopTests.swift */,
				F8B0259F1E04CBC6009550B0 /* Info.plist */,
			);
			path = PopTests;
			sourceTree = "<group>";
		};
		F8B025A71E04CBC6009550B0 /* PopUITests */ = {
			isa = PBXGroup;
			children = (
				F8B025A81E04CBC6009550B0 /* PopUITests.swift */,
				F8B025AA1E04CBC6009550B0 /* Info.plist */,
			);
			path = PopUITests;
			sourceTree = "<group>";
		};
/* End PBXGroup section */

/* Begin PBXNativeTarget section */
		F8B025841E04CBC6009550B0 /* Pop */ = {
			isa = PBXNativeTarget;
			buildConfigurationList = F8B025AD1E04CBC6009550B0 /* Build configuration list for PBXNativeTarget "Pop" */;
			buildPhases = (
				F8B025811E04CBC6009550B0 /* Sources */,
				F8B025821E04CBC6009550B0 /* Frameworks */,
				F8B025831E04CBC6009550B0 /* Resources */,
			);
			buildRules = (
			);
			dependencies = (
			);
			name = Pop;
			productName = Pop;
			productReference = F8B025851E04CBC6009550B0 /* Pop.app */;
			productType = "com.apple.product-type.application";
		};
		F8B025981E04CBC6009550B0 /* PopTests */ = {
			isa = PBXNativeTarget;
			buildConfigurationList = F8B025B01E04CBC6009550B0 /* Build configuration list for PBXNativeTarget "PopTests" */;
			buildPhases = (
				F8B025951E04CBC6009550B0 /* Sources */,
				F8B025961E04CBC6009550B0 /* Frameworks */,
				F8B025971E04CBC6009550B0 /* Resources */,
			);
			buildRules = (
			);
			dependencies = (
				F8B0259B1E04CBC6009550B0 /* PBXTargetDependency */,
			);
			name = PopTests;
			productName = PopTests;
			productReference = F8B025991E04CBC6009550B0 /* PopTests.xctest */;
			productType = "com.apple.product-type.bundle.unit-test";
		};
		F8B025A31E04CBC6009550B0 /* PopUITests */ = {
			isa = PBXNativeTarget;
			buildConfigurationList = F8B025B31E04CBC6009550B0 /* Build configuration list for PBXNativeTarget "PopUITests" */;
			buildPhases = (
				F8B025A01E04CBC6009550B0 /* Sources */,
				F8B025A11E04CBC6009550B0 /* Frameworks */,
				F8B025A21E04CBC6009550B0 /* Resources */,
			);
			buildRules = (
			);
			dependencies = (
				F8B025A61E04CBC6009550B0 /* PBXTargetDependency */,
			);
			name = PopUITests;
			productName = PopUITests;
			productReference = F8B025A41E04CBC6009550B0 /* PopUITests.xctest */;
			productType = "com.apple.product-type.bundle.ui-testing";
		};
/* End PBXNativeTarget section */

/* Begin PBXProject section */
		F8B0257D1E04CBC5009550B0 /* Project object */ = {
			isa = PBXProject;
			attributes = {
				LastSwiftUpdateCheck = 0820;
				LastUpgradeCheck = 0820;
				ORGANIZATIONNAME = VoDev;
				TargetAttributes = {
					F8B025841E04CBC6009550B0 = {
						CreatedOnToolsVersion = 8.2;
						ProvisioningStyle = Automatic;
					};
					F8B025981E04CBC6009550B0 = {
						CreatedOnToolsVersion = 8.2;
						ProvisioningStyle = Automatic;
						TestTargetID = F8B025841E04CBC6009550B0;
					};
					F8B025A31E04CBC6009550B0 = {
						CreatedOnToolsVersion = 8.2;
						ProvisioningStyle = Automatic;
						TestTargetID = F8B025841E04CBC6009550B0;
					};
				};
			};
			buildConfigurationList = F8B025801E04CBC5009550B0 /* Build configuration list for PBXProject "Pop" */;
			compatibilityVersion = "Xcode 3.2";
			developmentRegion = English;
			hasScannedForEncodings = 0;
			knownRegions = (
				en,
				Base,
			);
			mainGroup = F8B0257C1E04CBC5009550B0;
			productRefGroup = F8B025861E04CBC6009550B0 /* Products */;
			projectDirPath = "";
			projectRoot = "";
			targets = (
				F8B025841E04CBC6009550B0 /* Pop */,
				F8B025981E04CBC6009550B0 /* PopTests */,
				F8B025A31E04CBC6009550B0 /* PopUITests */,
			);
		};
/* End PBXProject section */

/* Begin PBXResourcesBuildPhase section */
		F8B025831E04CBC6009550B0 /* Resources */ = {
			isa = PBXResourcesBuildPhase;
			buildActionMask = 2147483647;
			files = (
				F8B025931E04CBC6009550B0 /* LaunchScreen.storyboard in Resources */,
				F8B025901E04CBC6009550B0 /* Assets.xcassets in Resources */,
				F8B0258E1E04CBC6009550B0 /* Main.storyboard in Resources */,
			);
			runOnlyForDeploymentPostprocessing = 0;
		};
		F8B025971E04CBC6009550B0 /* Resources */ = {
			isa = PBXResourcesBuildPhase;
			buildActionMask = 2147483647;
			files = (
			);
			runOnlyForDeploymentPostprocessing = 0;
		};
		F8B025A21E04CBC6009550B0 /* Resources */ = {
			isa = PBXResourcesBuildPhase;
			buildActionMask = 2147483647;
			files = (
			);
			runOnlyForDeploymentPostprocessing = 0;
		};
/* End PBXResourcesBuildPhase section */

/* Begin PBXSourcesBuildPhase section */
		F8B025811E04CBC6009550B0 /* Sources */ = {
			isa = PBXSourcesBuildPhase;
			buildActionMask = 2147483647;
			files = (
				F8B0258B1E04CBC6009550B0 /* ViewController.swift in Sources */,
				F8B025891E04CBC6009550B0 /* AppDelegate.swift in Sources */,
			);
			runOnlyForDeploymentPostprocessing = 0;
		};
		F8B025951E04CBC6009550B0 /* Sources */ = {
			isa = PBXSourcesBuildPhase;
			buildActionMask = 2147483647;
			files = (
				F8B0259E1E04CBC6009550B0 /* PopTests.swift in Sources */,
			);
			runOnlyForDeploymentPostprocessing = 0;
		};
		F8B025A01E04CBC6009550B0 /* Sources */ = {
			isa = PBXSourcesBuildPhase;
			buildActionMask = 2147483647;
			files = (
				F8B025A91E04CBC6009550B0 /* PopUITests.swift in Sources */,
			);
			runOnlyForDeploymentPostprocessing = 0;
		};
/* End PBXSourcesBuildPhase section */

/* Begin PBXTargetDependency section */
		F8B0259B1E04CBC6009550B0 /* PBXTargetDependency */ = {
			isa = PBXTargetDependency;
			target = F8B025841E04CBC6009550B0 /* Pop */;
			targetProxy = F8B0259A1E04CBC6009550B0 /* PBXContainerItemProxy */;
		};
		F8B025A61E04CBC6009550B0 /* PBXTargetDependency */ = {
			isa = PBXTargetDependency;
			target = F8B025841E04CBC6009550B0 /* Pop */;
			targetProxy = F8B025A51E04CBC6009550B0 /* PBXContainerItemProxy */;
		};
/* End PBXTargetDependency section */

/* Begin PBXVariantGroup section */
		F8B0258C1E04CBC6009550B0 /* Main.storyboard */ = {
			isa = PBXVariantGroup;
			children = (
				F8B0258D1E04CBC6009550B0 /* Base */,
			);
			name = Main.storyboard;
			sourceTree = "<group>";
		};
		F8B025911E04CBC6009550B0 /* LaunchScreen.storyboard */ = {
			isa = PBXVariantGroup;
			children = (
				F8B025921E04CBC6009550B0 /* Base */,
			);
			name = LaunchScreen.storyboard;
			sourceTree = "<group>";
		};
/* End PBXVariantGroup section */

/* Begin XCBuildConfiguration section */
		F8B025AB1E04CBC6009550B0 /* Debug */ = {
			isa = XCBuildConfiguration;
			buildSettings = {
				ALWAYS_SEARCH_USER_PATHS = NO;
				CLANG_ANALYZER_NONNULL = YES;
				CLANG_CXX_LANGUAGE_STANDARD = "gnu++0x";
				CLANG_CXX_LIBRARY = "libc++";
				CLANG_ENABLE_MODULES = YES;
				CLANG_ENABLE_OBJC_ARC = YES;
				CLANG_WARN_BOOL_CONVERSION = YES;
				CLANG_WARN_CONSTANT_CONVERSION = YES;
				CLANG_WARN_DIRECT_OBJC_ISA_USAGE = YES_ERROR;
				CLANG_WARN_DOCUMENTATION_COMMENTS = YES;
				CLANG_WARN_EMPTY_BODY = YES;
				CLANG_WARN_ENUM_CONVERSION = YES;
				CLANG_WARN_INFINITE_RECURSION = YES;
				CLANG_WARN_INT_CONVERSION = YES;
				CLANG_WARN_OBJC_ROOT_CLASS = YES_ERROR;
				CLANG_WARN_SUSPICIOUS_MOVE = YES;
				CLANG_WARN_UNREACHABLE_CODE = YES;
				CLANG_WARN__DUPLICATE_METHOD_MATCH = YES;
				"CODE_SIGN_IDENTITY[sdk=iphoneos*]" = "iPhone Developer";
				COPY_PHASE_STRIP = NO;
				DEBUG_INFORMATION_FORMAT = dwarf;
				ENABLE_STRICT_OBJC_MSGSEND = YES;
				ENABLE_TESTABILITY = YES;
				GCC_C_LANGUAGE_STANDARD = gnu99;
				GCC_DYNAMIC_NO_PIC = NO;
				GCC_NO_COMMON_BLOCKS = YES;
				GCC_OPTIMIZATION_LEVEL = 0;
				GCC_PREPROCESSOR_DEFINITIONS = (
					"DEBUG=1",
					"$(inherited)",
				);
				GCC_WARN_64_TO_32_BIT_CONVERSION = YES;
				GCC_WARN_ABOUT_RETURN_TYPE = YES_ERROR;
				GCC_WARN_UNDECLARED_SELECTOR = YES;
				GCC_WARN_UNINITIALIZED_AUTOS = YES_AGGRESSIVE;
				GCC_WARN_UNUSED_FUNCTION = YES;
				GCC_WARN_UNUSED_VARIABLE = YES;
				IPHONEOS_DEPLOYMENT_TARGET = 10.2;
				MTL_ENABLE_DEBUG_INFO = YES;
				ONLY_ACTIVE_ARCH = YES;
				SDKROOT = iphoneos;
				SWIFT_ACTIVE_COMPILATION_CONDITIONS = DEBUG;
				SWIFT_OPTIMIZATION_LEVEL = "-Onone";
				TARGETED_DEVICE_FAMILY = "1,2";
			};
			name = Debug;
		};
		F8B025AC1E04CBC6009550B0 /* Release */ = {
			isa = XCBuildConfiguration;
			buildSettings = {
				ALWAYS_SEARCH_USER_PATHS = NO;
				CLANG_ANALYZER_NONNULL = YES;
				CLANG_CXX_LANGUAGE_STANDARD = "gnu++0x";
				CLANG_CXX_LIBRARY = "libc++";
				CLANG_ENABLE_MODULES = YES;
				CLANG_ENABLE_OBJC_ARC = YES;
				CLANG_WARN_BOOL_CONVERSION = YES;
				CLANG_WARN_CONSTANT_CONVERSION = YES;
				CLANG_WARN_DIRECT_OBJC_ISA_USAGE = YES_ERROR;
				CLANG_WARN_DOCUMENTATION_COMMENTS = YES;
				CLANG_WARN_EMPTY_BODY = YES;
				CLANG_WARN_ENUM_CONVERSION = YES;
				CLANG_WARN_INFINITE_RECURSION = YES;
				CLANG_WARN_INT_CONVERSION = YES;
				CLANG_WARN_OBJC_ROOT_CLASS = YES_ERROR;
				CLANG_WARN_SUSPICIOUS_MOVE = YES;
				CLANG_WARN_UNREACHABLE_CODE = YES;
				CLANG_WARN__DUPLICATE_METHOD_MATCH = YES;
				"CODE_SIGN_IDENTITY[sdk=iphoneos*]" = "iPhone Developer";
				COPY_PHASE_STRIP = NO;
				DEBUG_INFORMATION_FORMAT = "dwarf-with-dsym";
				ENABLE_NS_ASSERTIONS = NO;
				ENABLE_STRICT_OBJC_MSGSEND = YES;
				GCC_C_LANGUAGE_STANDARD = gnu99;
				GCC_NO_COMMON_BLOCKS = YES;
				GCC_WARN_64_TO_32_BIT_CONVERSION = YES;
				GCC_WARN_ABOUT_RETURN_TYPE = YES_ERROR;
				GCC_WARN_UNDECLARED_SELECTOR = YES;
				GCC_WARN_UNINITIALIZED_AUTOS = YES_AGGRESSIVE;
				GCC_WARN_UNUSED_FUNCTION = YES;
				GCC_WARN_UNUSED_VARIABLE = YES;
				IPHONEOS_DEPLOYMENT_TARGET = 10.2;
				MTL_ENABLE_DEBUG_INFO = NO;
				SDKROOT = iphoneos;
				SWIFT_OPTIMIZATION_LEVEL = "-Owholemodule";
				TARGETED_DEVICE_FAMILY = "1,2";
				VALIDATE_PRODUCT = YES;
			};
			name = Release;
		};
		F8B025AE1E04CBC6009550B0 /* Debug */ = {
			isa = XCBuildConfiguration;
			buildSettings = {
				ASSETCATALOG_COMPILER_APPICON_NAME = AppIcon;
				INFOPLIST_FILE = Pop/Info.plist;
				LD_RUNPATH_SEARCH_PATHS = "$(inherited) @executable_path/Frameworks";
				PRODUCT_BUNDLE_IDENTIFIER = VoDev.Pop;
				PRODUCT_NAME = "$(TARGET_NAME)";
				SWIFT_VERSION = 3.0;
			};
			name = Debug;
		};
		F8B025AF1E04CBC6009550B0 /* Release */ = {
			isa = XCBuildConfiguration;
			buildSettings = {
				ASSETCATALOG_COMPILER_APPICON_NAME = AppIcon;
				INFOPLIST_FILE = Pop/Info.plist;
				LD_RUNPATH_SEARCH_PATHS = "$(inherited) @executable_path/Frameworks";
				PRODUCT_BUNDLE_IDENTIFIER = VoDev.Pop;
				PRODUCT_NAME = "$(TARGET_NAME)";
				SWIFT_VERSION = 3.0;
			};
			name = Release;
		};
		F8B025B11E04CBC6009550B0 /* Debug */ = {
			isa = XCBuildConfiguration;
			buildSettings = {
				ALWAYS_EMBED_SWIFT_STANDARD_LIBRARIES = YES;
				BUNDLE_LOADER = "$(TEST_HOST)";
				INFOPLIST_FILE = PopTests/Info.plist;
				LD_RUNPATH_SEARCH_PATHS = "$(inherited) @executable_path/Frameworks @loader_path/Frameworks";
				PRODUCT_BUNDLE_IDENTIFIER = VoDev.PopTests;
				PRODUCT_NAME = "$(TARGET_NAME)";
				SWIFT_VERSION = 3.0;
				TEST_HOST = "$(BUILT_PRODUCTS_DIR)/Pop.app/Pop";
			};
			name = Debug;
		};
		F8B025B21E04CBC6009550B0 /* Release */ = {
			isa = XCBuildConfiguration;
			buildSettings = {
				ALWAYS_EMBED_SWIFT_STANDARD_LIBRARIES = YES;
				BUNDLE_LOADER = "$(TEST_HOST)";
				INFOPLIST_FILE = PopTests/Info.plist;
				LD_RUNPATH_SEARCH_PATHS = "$(inherited) @executable_path/Frameworks @loader_path/Frameworks";
				PRODUCT_BUNDLE_IDENTIFIER = VoDev.PopTests;
				PRODUCT_NAME = "$(TARGET_NAME)";
				SWIFT_VERSION = 3.0;
				TEST_HOST = "$(BUILT_PRODUCTS_DIR)/Pop.app/Pop";
			};
			name = Release;
		};
		F8B025B41E04CBC6009550B0 /* Debug */ = {
			isa = XCBuildConfiguration;
			buildSettings = {
				ALWAYS_EMBED_SWIFT_STANDARD_LIBRARIES = YES;
				INFOPLIST_FILE = PopUITests/Info.plist;
				LD_RUNPATH_SEARCH_PATHS = "$(inherited) @executable_path/Frameworks @loader_path/Frameworks";
				PRODUCT_BUNDLE_IDENTIFIER = VoDev.PopUITests;
				PRODUCT_NAME = "$(TARGET_NAME)";
				SWIFT_VERSION = 3.0;
				TEST_TARGET_NAME = Pop;
			};
			name = Debug;
		};
		F8B025B51E04CBC6009550B0 /* Release */ = {
			isa = XCBuildConfiguration;
			buildSettings = {
				ALWAYS_EMBED_SWIFT_STANDARD_LIBRARIES = YES;
				INFOPLIST_FILE = PopUITests/Info.plist;
				LD_RUNPATH_SEARCH_PATHS = "$(inherited) @executable_path/Frameworks @loader_path/Frameworks";
				PRODUCT_BUNDLE_IDENTIFIER = VoDev.PopUITests;
				PRODUCT_NAME = "$(TARGET_NAME)";
				SWIFT_VERSION = 3.0;
				TEST_TARGET_NAME = Pop;
			};
			name = Release;
		};
/* End XCBuildConfiguration section */

/* Begin XCConfigurationList section */
		F8B025801E04CBC5009550B0 /* Build configuration list for PBXProject "Pop" */ = {
			isa = XCConfigurationList;
			buildConfigurations = (
				F8B025AB1E04CBC6009550B0 /* Debug */,
				F8B025AC1E04CBC6009550B0 /* Release */,
			);
			defaultConfigurationIsVisible = 0;
			defaultConfigurationName = Release;
		};
		F8B025AD1E04CBC6009550B0 /* Build configuration list for PBXNativeTarget "Pop" */ = {
			isa = XCConfigurationList;
			buildConfigurations = (
				F8B025AE1E04CBC6009550B0 /* Debug */,
				F8B025AF1E04CBC6009550B0 /* Release */,
			);
			defaultConfigurationIsVisible = 0;
		};
		F8B025B01E04CBC6009550B0 /* Build configuration list for PBXNativeTarget "PopTests" */ = {
			isa = XCConfigurationList;
			buildConfigurations = (
				F8B025B11E04CBC6009550B0 /* Debug */,
				F8B025B21E04CBC6009550B0 /* Release */,
			);
			defaultConfigurationIsVisible = 0;
		};
		F8B025B31E04CBC6009550B0 /* Build configuration list for PBXNativeTarget "PopUITests" */ = {
			isa = XCConfigurationList;
			buildConfigurations = (
				F8B025B41E04CBC6009550B0 /* Debug */,
				F8B025B51E04CBC6009550B0 /* Release */,
			);
			defaultConfigurationIsVisible = 0;
		};
/* End XCConfigurationList section */
	};
	rootObject = F8B0257D1E04CBC5009550B0 /* Project object */;
}
